
Microsoft Visual Studio Solution File, Format Version 12.00
# Visual Studio Version 16
VisualStudioVersion = 16.0.32901.82
MinimumVisualStudioVersion = 10.0.40219.1
Project("{FAE04EC0-301F-11D3-BF4B-00C04F79EFBC}") = "Przychodnia.PortalWWW", "Przychodnia.PortalWWW\Przychodnia.PortalWWW.csproj", "{7137BA51-67BF-4083-B539-680C8CF2F7A0}"
EndProject
Project("{FAE04EC0-301F-11D3-BF4B-00C04F79EFBC}") = "Przychodnia.Intranet", "Przychodnia.Intranet\Przychodnia.Intranet.csproj", "{B00F2123-FBD3-46B6-9A4E-D1C34AFB7531}"
EndProject
Global
	GlobalSection(SolutionConfigurationPlatforms) = preSolution
		Debug|Any CPU = Debug|Any CPU
		Release|Any CPU = Release|Any CPU
	EndGlobalSection
	GlobalSection(ProjectConfigurationPlatforms) = postSolution
		{7137BA51-67BF-4083-B539-680C8CF2F7A0}.Debug|Any CPU.ActiveCfg = Debug|Any CPU
		{7137BA51-67BF-4083-B539-680C8CF2F7A0}.Debug|Any CPU.Build.0 = Debug|Any CPU
		{7137BA51-67BF-4083-B539-680C8CF2F7A0}.Release|Any CPU.ActiveCfg = Release|Any CPU
		{7137BA51-67BF-4083-B539-680C8CF2F7A0}.Release|Any CPU.Build.0 = Release|Any CPU
		{B00F2123-FBD3-46B6-9A4E-D1C34AFB7531}.Debug|Any CPU.ActiveCfg = Debug|Any CPU
		{B00F2123-FBD3-46B6-9A4E-D1C34AFB7531}.Debug|Any CPU.Build.0 = Debug|Any CPU
		{B00F2123-FBD3-46B6-9A4E-D1C34AFB7531}.Release|Any CPU.ActiveCfg = Release|Any CPU
		{B00F2123-FBD3-46B6-9A4E-D1C34AFB7531}.Release|Any CPU.Build.0 = Release|Any CPU
	EndGlobalSection
	GlobalSection(SolutionProperties) = preSolution
		HideSolutionNode = FALSE
	EndGlobalSection
	GlobalSection(ExtensibilityGlobals) = postSolution
		SolutionGuid = {716932AC-903E-4929-8133-B9BC86FB99F5}
	EndGlobalSection
EndGlobal
